{
    "version": 3,
    "terraform_version": "0.11.8",
    "serial": 8,
    "lineage": "5784f369-09b6-b695-7fca-12700e0c5b8a",
    "modules": [
        {
            "path": [
                "root"
            ],
            "outputs": {},
            "resources": {
                "azurerm_app_service_plan.xby2_website_asp": {
                    "type": "azurerm_app_service_plan",
                    "depends_on": [
                        "azurerm_resource_group.xby2_website_rg"
                    ],
                    "primary": {
                        "id": "/subscriptions/35125e62-8404-4c18-bb92-298db52b45fa/resourceGroups/xby2-website-prod-ncus-rg/providers/Microsoft.Web/serverfarms/xby2-website-prod-ncus-asp",
                        "attributes": {
                            "id": "/subscriptions/35125e62-8404-4c18-bb92-298db52b45fa/resourceGroups/xby2-website-prod-ncus-rg/providers/Microsoft.Web/serverfarms/xby2-website-prod-ncus-asp",
                            "kind": "Windows",
                            "location": "northcentralus",
                            "maximum_number_of_workers": "1",
                            "name": "xby2-website-prod-ncus-asp",
                            "per_site_scaling": "false",
                            "properties.#": "1",
                            "properties.0.app_service_environment_id": "",
                            "properties.0.per_site_scaling": "false",
                            "properties.0.reserved": "false",
                            "reserved": "false",
                            "resource_group_name": "xby2-website-prod-ncus-rg",
                            "sku.#": "1",
                            "sku.0.capacity": "0",
                            "sku.0.size": "F1",
                            "sku.0.tier": "Free",
                            "tags.%": "0"
                        },
                        "meta": {},
                        "tainted": false
                    },
                    "deposed": [],
                    "provider": "provider.azurerm"
                },
                "azurerm_resource_group.xby2_website_rg": {
                    "type": "azurerm_resource_group",
                    "depends_on": [],
                    "primary": {
                        "id": "/subscriptions/35125e62-8404-4c18-bb92-298db52b45fa/resourceGroups/xby2-website-prod-ncus-rg",
                        "attributes": {
                            "id": "/subscriptions/35125e62-8404-4c18-bb92-298db52b45fa/resourceGroups/xby2-website-prod-ncus-rg",
                            "location": "northcentralus",
                            "name": "xby2-website-prod-ncus-rg",
                            "tags.%": "0"
                        },
                        "meta": {},
                        "tainted": false
                    },
                    "deposed": [],
                    "provider": "provider.azurerm"
                }
            },
            "depends_on": []
        }
    ]
}
